
Microsoft Visual Studio Solution File, Format Version 12.00
# Visual Studio Version 17
VisualStudioVersion = 17.4.33213.308
MinimumVisualStudioVersion = 10.0.40219.1
Project("{9A19103F-16F7-4668-BE54-9A1E7A4F7556}") = "UpSchoolAkbank_CapStone", "UpSchoolAkbank_CapStone\UpSchoolAkbank_CapStone.csproj", "{78B17063-0606-43B2-B26C-4B3E70A26A01}"
EndProject
Project("{FAE04EC0-301F-11D3-BF4B-00C04F79EFBC}") = "EntityLayer", "EntityLayer\EntityLayer.csproj", "{D22CFB69-492E-45F0-8C4A-11E3AB97DEDD}"
EndProject
Project("{FAE04EC0-301F-11D3-BF4B-00C04F79EFBC}") = "DataAcccessLayer", "DataAcccessLayer\DataAcccessLayer.csproj", "{C6CE7569-70B3-4978-A55B-57A66A78B909}"
EndProject
Project("{FAE04EC0-301F-11D3-BF4B-00C04F79EFBC}") = "BusinessLayer", "BusinessLayer\BusinessLayer.csproj", "{5557FA1C-50D3-48C7-825A-B2300F801E33}"
EndProject
Project("{2150E333-8FDC-42A3-9474-1A3956D46DE8}") = "Solution Items", "Solution Items", "{427F708A-BF2B-4FC2-8A40-52E49C5AFC58}"
	ProjectSection(SolutionItems) = preProject
		Notes.txt = Notes.txt
	EndProjectSection
EndProject
Global
	GlobalSection(SolutionConfigurationPlatforms) = preSolution
		Debug|Any CPU = Debug|Any CPU
		Release|Any CPU = Release|Any CPU
	EndGlobalSection
	GlobalSection(ProjectConfigurationPlatforms) = postSolution
		{78B17063-0606-43B2-B26C-4B3E70A26A01}.Debug|Any CPU.ActiveCfg = Debug|Any CPU
		{78B17063-0606-43B2-B26C-4B3E70A26A01}.Debug|Any CPU.Build.0 = Debug|Any CPU
		{78B17063-0606-43B2-B26C-4B3E70A26A01}.Release|Any CPU.ActiveCfg = Release|Any CPU
		{78B17063-0606-43B2-B26C-4B3E70A26A01}.Release|Any CPU.Build.0 = Release|Any CPU
		{D22CFB69-492E-45F0-8C4A-11E3AB97DEDD}.Debug|Any CPU.ActiveCfg = Debug|Any CPU
		{D22CFB69-492E-45F0-8C4A-11E3AB97DEDD}.Debug|Any CPU.Build.0 = Debug|Any CPU
		{D22CFB69-492E-45F0-8C4A-11E3AB97DEDD}.Release|Any CPU.ActiveCfg = Release|Any CPU
		{D22CFB69-492E-45F0-8C4A-11E3AB97DEDD}.Release|Any CPU.Build.0 = Release|Any CPU
		{C6CE7569-70B3-4978-A55B-57A66A78B909}.Debug|Any CPU.ActiveCfg = Debug|Any CPU
		{C6CE7569-70B3-4978-A55B-57A66A78B909}.Debug|Any CPU.Build.0 = Debug|Any CPU
		{C6CE7569-70B3-4978-A55B-57A66A78B909}.Release|Any CPU.ActiveCfg = Release|Any CPU
		{C6CE7569-70B3-4978-A55B-57A66A78B909}.Release|Any CPU.Build.0 = Release|Any CPU
		{5557FA1C-50D3-48C7-825A-B2300F801E33}.Debug|Any CPU.ActiveCfg = Debug|Any CPU
		{5557FA1C-50D3-48C7-825A-B2300F801E33}.Debug|Any CPU.Build.0 = Debug|Any CPU
		{5557FA1C-50D3-48C7-825A-B2300F801E33}.Release|Any CPU.ActiveCfg = Release|Any CPU
		{5557FA1C-50D3-48C7-825A-B2300F801E33}.Release|Any CPU.Build.0 = Release|Any CPU
	EndGlobalSection
	GlobalSection(SolutionProperties) = preSolution
		HideSolutionNode = FALSE
	EndGlobalSection
	GlobalSection(ExtensibilityGlobals) = postSolution
		SolutionGuid = {158E1115-2E9D-4F42-A335-F32C0033C319}
	EndGlobalSection
EndGlobal
